
Microsoft Visual Studio Solution File, Format Version 12.00
# Visual Studio 15
VisualStudioVersion = 15.0.28307.102
MinimumVisualStudioVersion = 10.0.40219.1
Project("{FAE04EC0-301F-11D3-BF4B-00C04F79EFBC}") = "ChiffreDeVigenereApp", "ChiffreDeVigenereApp\ChiffreDeVigenereApp.csproj", "{67053F07-2D72-4216-9563-A5E9BF31FF08}"
EndProject
Project("{FAE04EC0-301F-11D3-BF4B-00C04F79EFBC}") = "UnitTestProject1", "UnitTestProject1\UnitTestProject1.csproj", "{E86BE06A-C1F1-490F-9F6B-FEFA60B338F8}"
EndProject
Global
	GlobalSection(SolutionConfigurationPlatforms) = preSolution
		Debug|Any CPU = Debug|Any CPU
		Release|Any CPU = Release|Any CPU
	EndGlobalSection
	GlobalSection(ProjectConfigurationPlatforms) = postSolution
		{67053F07-2D72-4216-9563-A5E9BF31FF08}.Debug|Any CPU.ActiveCfg = Debug|Any CPU
		{67053F07-2D72-4216-9563-A5E9BF31FF08}.Debug|Any CPU.Build.0 = Debug|Any CPU
		{67053F07-2D72-4216-9563-A5E9BF31FF08}.Release|Any CPU.ActiveCfg = Release|Any CPU
		{67053F07-2D72-4216-9563-A5E9BF31FF08}.Release|Any CPU.Build.0 = Release|Any CPU
		{E86BE06A-C1F1-490F-9F6B-FEFA60B338F8}.Debug|Any CPU.ActiveCfg = Debug|Any CPU
		{E86BE06A-C1F1-490F-9F6B-FEFA60B338F8}.Debug|Any CPU.Build.0 = Debug|Any CPU
		{E86BE06A-C1F1-490F-9F6B-FEFA60B338F8}.Release|Any CPU.ActiveCfg = Release|Any CPU
		{E86BE06A-C1F1-490F-9F6B-FEFA60B338F8}.Release|Any CPU.Build.0 = Release|Any CPU
	EndGlobalSection
	GlobalSection(SolutionProperties) = preSolution
		HideSolutionNode = FALSE
	EndGlobalSection
	GlobalSection(ExtensibilityGlobals) = postSolution
		SolutionGuid = {12AE12C7-FD19-464D-B188-75E35DC2A645}
	EndGlobalSection
EndGlobal
